
Microsoft Visual Studio Solution File, Format Version 12.00
# Visual Studio 2013
VisualStudioVersion = 12.0.21005.1
MinimumVisualStudioVersion = 10.0.40219.1
Project("{FAE04EC0-301F-11D3-BF4B-00C04F79EFBC}") = "CSharpConsoleTest", "CSharpConsoleTest\CSharpConsoleTest.csproj", "{C31DE2AA-A64D-45D3-8461-CA39DD9DDF1B}"
EndProject
Global
	GlobalSection(SolutionConfigurationPlatforms) = preSolution
		Debug|Any CPU = Debug|Any CPU
		Release|Any CPU = Release|Any CPU
	EndGlobalSection
	GlobalSection(ProjectConfigurationPlatforms) = postSolution
		{C31DE2AA-A64D-45D3-8461-CA39DD9DDF1B}.Debug|Any CPU.ActiveCfg = Debug|Any CPU
		{C31DE2AA-A64D-45D3-8461-CA39DD9DDF1B}.Debug|Any CPU.Build.0 = Debug|Any CPU
		{C31DE2AA-A64D-45D3-8461-CA39DD9DDF1B}.Release|Any CPU.ActiveCfg = Release|Any CPU
		{C31DE2AA-A64D-45D3-8461-CA39DD9DDF1B}.Release|Any CPU.Build.0 = Release|Any CPU
	EndGlobalSection
	GlobalSection(SolutionProperties) = preSolution
		HideSolutionNode = FALSE
	EndGlobalSection
EndGlobal
